
Microsoft Visual Studio Solution File, Format Version 12.00
# Visual Studio 15
VisualStudioVersion = 15.0.27703.2018
MinimumVisualStudioVersion = 10.0.40219.1
Project("{8BC9CEB8-8B4A-11D0-8D11-00A0C91BC942}") = "R-Wolf Engine", "R-Wolf Engine\engine.vcxproj", "{255D8055-EA15-4500-82F5-B6CA995E24AF}"
EndProject
Project("{FAE04EC0-301F-11D3-BF4B-00C04F79EFBC}") = "R-Wolf Launcher", "R-Wolf Launcher\R-Wolf Launcher.csproj", "{D493CBB7-F3A9-4C49-88AB-2016D9A456F6}"
	ProjectSection(ProjectDependencies) = postProject
		{255D8055-EA15-4500-82F5-B6CA995E24AF} = {255D8055-EA15-4500-82F5-B6CA995E24AF}
	EndProjectSection
EndProject
Project("{FAE04EC0-301F-11D3-BF4B-00C04F79EFBC}") = "R-Wolf Editor", "R-Wolf Editor\R-Wolf Editor.csproj", "{FDCE913B-C25B-4422-B1ED-DEE71F7D8DAC}"
EndProject
Global
	GlobalSection(SolutionConfigurationPlatforms) = preSolution
		Debug|Any CPU = Debug|Any CPU
		Debug|x64 = Debug|x64
		Debug|x86 = Debug|x86
		Release|Any CPU = Release|Any CPU
		Release|x64 = Release|x64
		Release|x86 = Release|x86
	EndGlobalSection
	GlobalSection(ProjectConfigurationPlatforms) = postSolution
		{255D8055-EA15-4500-82F5-B6CA995E24AF}.Debug|Any CPU.ActiveCfg = Debug|x64
		{255D8055-EA15-4500-82F5-B6CA995E24AF}.Debug|Any CPU.Build.0 = Debug|x64
		{255D8055-EA15-4500-82F5-B6CA995E24AF}.Debug|x64.ActiveCfg = Debug|x64
		{255D8055-EA15-4500-82F5-B6CA995E24AF}.Debug|x64.Build.0 = Debug|x64
		{255D8055-EA15-4500-82F5-B6CA995E24AF}.Debug|x86.ActiveCfg = Debug|Win32
		{255D8055-EA15-4500-82F5-B6CA995E24AF}.Debug|x86.Build.0 = Debug|Win32
		{255D8055-EA15-4500-82F5-B6CA995E24AF}.Release|Any CPU.ActiveCfg = Release|Win32
		{255D8055-EA15-4500-82F5-B6CA995E24AF}.Release|x64.ActiveCfg = Release|x64
		{255D8055-EA15-4500-82F5-B6CA995E24AF}.Release|x64.Build.0 = Release|x64
		{255D8055-EA15-4500-82F5-B6CA995E24AF}.Release|x86.ActiveCfg = Release|Win32
		{255D8055-EA15-4500-82F5-B6CA995E24AF}.Release|x86.Build.0 = Release|Win32
		{D493CBB7-F3A9-4C49-88AB-2016D9A456F6}.Debug|Any CPU.ActiveCfg = Debug|Any CPU
		{D493CBB7-F3A9-4C49-88AB-2016D9A456F6}.Debug|Any CPU.Build.0 = Debug|Any CPU
		{D493CBB7-F3A9-4C49-88AB-2016D9A456F6}.Debug|x64.ActiveCfg = Debug|Any CPU
		{D493CBB7-F3A9-4C49-88AB-2016D9A456F6}.Debug|x64.Build.0 = Debug|Any CPU
		{D493CBB7-F3A9-4C49-88AB-2016D9A456F6}.Debug|x86.ActiveCfg = Debug|Any CPU
		{D493CBB7-F3A9-4C49-88AB-2016D9A456F6}.Debug|x86.Build.0 = Debug|Any CPU
		{D493CBB7-F3A9-4C49-88AB-2016D9A456F6}.Release|Any CPU.ActiveCfg = Release|Any CPU
		{D493CBB7-F3A9-4C49-88AB-2016D9A456F6}.Release|Any CPU.Build.0 = Release|Any CPU
		{D493CBB7-F3A9-4C49-88AB-2016D9A456F6}.Release|x64.ActiveCfg = Release|Any CPU
		{D493CBB7-F3A9-4C49-88AB-2016D9A456F6}.Release|x64.Build.0 = Release|Any CPU
		{D493CBB7-F3A9-4C49-88AB-2016D9A456F6}.Release|x86.ActiveCfg = Release|Any CPU
		{D493CBB7-F3A9-4C49-88AB-2016D9A456F6}.Release|x86.Build.0 = Release|Any CPU
		{FDCE913B-C25B-4422-B1ED-DEE71F7D8DAC}.Debug|Any CPU.ActiveCfg = Debug|Any CPU
		{FDCE913B-C25B-4422-B1ED-DEE71F7D8DAC}.Debug|Any CPU.Build.0 = Debug|Any CPU
		{FDCE913B-C25B-4422-B1ED-DEE71F7D8DAC}.Debug|x64.ActiveCfg = Debug|Any CPU
		{FDCE913B-C25B-4422-B1ED-DEE71F7D8DAC}.Debug|x64.Build.0 = Debug|Any CPU
		{FDCE913B-C25B-4422-B1ED-DEE71F7D8DAC}.Debug|x86.ActiveCfg = Debug|Any CPU
		{FDCE913B-C25B-4422-B1ED-DEE71F7D8DAC}.Debug|x86.Build.0 = Debug|Any CPU
		{FDCE913B-C25B-4422-B1ED-DEE71F7D8DAC}.Release|Any CPU.ActiveCfg = Release|Any CPU
		{FDCE913B-C25B-4422-B1ED-DEE71F7D8DAC}.Release|Any CPU.Build.0 = Release|Any CPU
		{FDCE913B-C25B-4422-B1ED-DEE71F7D8DAC}.Release|x64.ActiveCfg = Release|Any CPU
		{FDCE913B-C25B-4422-B1ED-DEE71F7D8DAC}.Release|x64.Build.0 = Release|Any CPU
		{FDCE913B-C25B-4422-B1ED-DEE71F7D8DAC}.Release|x86.ActiveCfg = Release|Any CPU
		{FDCE913B-C25B-4422-B1ED-DEE71F7D8DAC}.Release|x86.Build.0 = Release|Any CPU
	EndGlobalSection
	GlobalSection(SolutionProperties) = preSolution
		HideSolutionNode = FALSE
	EndGlobalSection
	GlobalSection(ExtensibilityGlobals) = postSolution
		SolutionGuid = {1B02C9F9-C56A-461F-8EA5-BDA2FB0B5504}
	EndGlobalSection
EndGlobal
